
Microsoft Visual Studio Solution File, Format Version 11.00
# Visual Studio 2010
Project("{888888A0-9F3D-457C-B088-3A5042F75D52}") = "thermopynamics", "thermopynamics\thermopynamics.pyproj", "{DCA13930-F2AA-4654-8698-FCD558802913}"
EndProject
Global
	GlobalSection(SolutionConfigurationPlatforms) = preSolution
		Debug|Any CPU = Debug|Any CPU
		Release|Any CPU = Release|Any CPU
	EndGlobalSection
	GlobalSection(ProjectConfigurationPlatforms) = postSolution
		{DCA13930-F2AA-4654-8698-FCD558802913}.Debug|Any CPU.ActiveCfg = Debug|Any CPU
		{DCA13930-F2AA-4654-8698-FCD558802913}.Release|Any CPU.ActiveCfg = Release|Any CPU
	EndGlobalSection
	GlobalSection(SolutionProperties) = preSolution
		HideSolutionNode = FALSE
	EndGlobalSection
EndGlobal
